{
  "name": "mytest",
  "version": "1.0.0",
  "lockfileVersion": 1,
  "requires": true,
  "dependencies": {
    "extend": {
      "version": "3.0.2",
      "resolved": "https://registry.npmjs.org/extend/-/extend-3.0.2.tgz",
      "integrity": "sha512-fjquC59cD7CyW6urNXK0FBufkZcoiGG80wTuPujX590cB5Ttln20E2UB4S/WARVqhXffZl2LNgS+gQdPIIim/g=="
    },
    "weapp-qrcode": {
      "version": "1.0.0",
      "resolved": "https://registry.npmjs.org/weapp-qrcode/-/weapp-qrcode-1.0.0.tgz",
      "integrity": "sha512-4sa3W0rGDVJ9QaeZpAKlAuUxVyjhDwiUqHyGK/jJMsRMXnhb4yO8qWU/pZruMo+iT5J6CraS67lDMFb1VY+RaA==",
      "requires": {
        "extend": "^3.0.2"
      }
    },
    "wxbarcode": {
      "version": "1.0.2",
      "resolved": "https://registry.npmjs.org/wxbarcode/-/wxbarcode-1.0.2.tgz",
      "integrity": "sha1-zgLjSP8AYwHZIBd21sn1rZATFLU="
    }
  }
}
